
Microsoft Visual Studio Solution File, Format Version 12.00
# Visual Studio 15
VisualStudioVersion = 15.0.27703.2047
MinimumVisualStudioVersion = 10.0.40219.1
Project("{FAE04EC0-301F-11D3-BF4B-00C04F79EFBC}") = "DpiAwarenessApp", "DpiAwarenessApp\DpiAwarenessApp.csproj", "{737009E1-001B-465C-B888-D173CC981438}"
EndProject
Global
	GlobalSection(SolutionConfigurationPlatforms) = preSolution
		Debug|Any CPU = Debug|Any CPU
		Release|Any CPU = Release|Any CPU
	EndGlobalSection
	GlobalSection(ProjectConfigurationPlatforms) = postSolution
		{737009E1-001B-465C-B888-D173CC981438}.Debug|Any CPU.ActiveCfg = Debug|Any CPU
		{737009E1-001B-465C-B888-D173CC981438}.Debug|Any CPU.Build.0 = Debug|Any CPU
		{737009E1-001B-465C-B888-D173CC981438}.Release|Any CPU.ActiveCfg = Release|Any CPU
		{737009E1-001B-465C-B888-D173CC981438}.Release|Any CPU.Build.0 = Release|Any CPU
	EndGlobalSection
	GlobalSection(SolutionProperties) = preSolution
		HideSolutionNode = FALSE
	EndGlobalSection
	GlobalSection(ExtensibilityGlobals) = postSolution
		SolutionGuid = {0B61A329-001C-48F2-A3B8-2D288B6826BA}
	EndGlobalSection
EndGlobal
